
Microsoft Visual Studio Solution File, Format Version 12.00
# Visual Studio Version 17
VisualStudioVersion = 17.5.33516.290
MinimumVisualStudioVersion = 10.0.40219.1
Project("{9A19103F-16F7-4668-BE54-9A1E7A4F7556}") = "Healthz.Api", "src\Healthz.Api\Healthz.Api.csproj", "{99C27695-4C3B-4DCB-89BB-FEDB4B56563E}"
EndProject
Project("{2150E333-8FDC-42A3-9474-1A3956D46DE8}") = "src", "src", "{A14B967A-A191-44DD-89DF-CA1A5B5AF82D}"
EndProject
Project("{2150E333-8FDC-42A3-9474-1A3956D46DE8}") = "tests", "tests", "{68E56167-9631-4953-BAB6-7AC2527BB45B}"
EndProject
Project("{9A19103F-16F7-4668-BE54-9A1E7A4F7556}") = "Healthz.Api.Tests", "tests\Healthz.Api.Tests\Healthz.Api.Tests.csproj", "{CA3CE5E5-FE1E-45FE-BAE2-63DCD31020EC}"
EndProject
Project("{2150E333-8FDC-42A3-9474-1A3956D46DE8}") = "docs", "docs", "{2D94397C-5207-4294-BFA8-DD092953BBFA}"
	ProjectSection(SolutionItems) = preProject
		HealthzApi.http = HealthzApi.http
		README.md = README.md
	EndProjectSection
EndProject
Global
	GlobalSection(SolutionConfigurationPlatforms) = preSolution
		Debug|Any CPU = Debug|Any CPU
		Release|Any CPU = Release|Any CPU
	EndGlobalSection
	GlobalSection(ProjectConfigurationPlatforms) = postSolution
		{99C27695-4C3B-4DCB-89BB-FEDB4B56563E}.Debug|Any CPU.ActiveCfg = Debug|Any CPU
		{99C27695-4C3B-4DCB-89BB-FEDB4B56563E}.Debug|Any CPU.Build.0 = Debug|Any CPU
		{99C27695-4C3B-4DCB-89BB-FEDB4B56563E}.Release|Any CPU.ActiveCfg = Release|Any CPU
		{99C27695-4C3B-4DCB-89BB-FEDB4B56563E}.Release|Any CPU.Build.0 = Release|Any CPU
		{CA3CE5E5-FE1E-45FE-BAE2-63DCD31020EC}.Debug|Any CPU.ActiveCfg = Debug|Any CPU
		{CA3CE5E5-FE1E-45FE-BAE2-63DCD31020EC}.Debug|Any CPU.Build.0 = Debug|Any CPU
		{CA3CE5E5-FE1E-45FE-BAE2-63DCD31020EC}.Release|Any CPU.ActiveCfg = Release|Any CPU
		{CA3CE5E5-FE1E-45FE-BAE2-63DCD31020EC}.Release|Any CPU.Build.0 = Release|Any CPU
	EndGlobalSection
	GlobalSection(SolutionProperties) = preSolution
		HideSolutionNode = FALSE
	EndGlobalSection
	GlobalSection(NestedProjects) = preSolution
		{99C27695-4C3B-4DCB-89BB-FEDB4B56563E} = {A14B967A-A191-44DD-89DF-CA1A5B5AF82D}
		{CA3CE5E5-FE1E-45FE-BAE2-63DCD31020EC} = {68E56167-9631-4953-BAB6-7AC2527BB45B}
	EndGlobalSection
	GlobalSection(ExtensibilityGlobals) = postSolution
		SolutionGuid = {426C5746-09C2-4B39-9F20-AFFF73162512}
	EndGlobalSection
EndGlobal
